
Microsoft Visual Studio Solution File, Format Version 12.00
# Visual Studio Version 16
VisualStudioVersion = 16.0.30804.86
MinimumVisualStudioVersion = 10.0.40219.1
Project("{9A19103F-16F7-4668-BE54-9A1E7A4F7556}") = "WebApi", "WebApi\WebApi.csproj", "{63FB08FE-33E5-4676-AE0F-86A1F3DF940D}"
EndProject
Project("{9A19103F-16F7-4668-BE54-9A1E7A4F7556}") = "Application", "Application\Application.csproj", "{8CA5679B-A89D-4A9C-8397-CC0A8F3FB2A5}"
EndProject
Project("{9A19103F-16F7-4668-BE54-9A1E7A4F7556}") = "Domain", "Domain\Domain.csproj", "{5FAAF08E-D733-4D30-A3E3-7C58CE807E54}"
EndProject
Project("{9A19103F-16F7-4668-BE54-9A1E7A4F7556}") = "Infrastructure", "Infrastructure\Infrastructure.csproj", "{4139A9A7-8921-4066-A68B-40D939CA1617}"
EndProject
Global
	GlobalSection(SolutionConfigurationPlatforms) = preSolution
		Debug|Any CPU = Debug|Any CPU
		Release|Any CPU = Release|Any CPU
	EndGlobalSection
	GlobalSection(ProjectConfigurationPlatforms) = postSolution
		{63FB08FE-33E5-4676-AE0F-86A1F3DF940D}.Debug|Any CPU.ActiveCfg = Debug|Any CPU
		{63FB08FE-33E5-4676-AE0F-86A1F3DF940D}.Debug|Any CPU.Build.0 = Debug|Any CPU
		{63FB08FE-33E5-4676-AE0F-86A1F3DF940D}.Release|Any CPU.ActiveCfg = Release|Any CPU
		{63FB08FE-33E5-4676-AE0F-86A1F3DF940D}.Release|Any CPU.Build.0 = Release|Any CPU
		{8CA5679B-A89D-4A9C-8397-CC0A8F3FB2A5}.Debug|Any CPU.ActiveCfg = Debug|Any CPU
		{8CA5679B-A89D-4A9C-8397-CC0A8F3FB2A5}.Debug|Any CPU.Build.0 = Debug|Any CPU
		{8CA5679B-A89D-4A9C-8397-CC0A8F3FB2A5}.Release|Any CPU.ActiveCfg = Release|Any CPU
		{8CA5679B-A89D-4A9C-8397-CC0A8F3FB2A5}.Release|Any CPU.Build.0 = Release|Any CPU
		{5FAAF08E-D733-4D30-A3E3-7C58CE807E54}.Debug|Any CPU.ActiveCfg = Debug|Any CPU
		{5FAAF08E-D733-4D30-A3E3-7C58CE807E54}.Debug|Any CPU.Build.0 = Debug|Any CPU
		{5FAAF08E-D733-4D30-A3E3-7C58CE807E54}.Release|Any CPU.ActiveCfg = Release|Any CPU
		{5FAAF08E-D733-4D30-A3E3-7C58CE807E54}.Release|Any CPU.Build.0 = Release|Any CPU
		{4139A9A7-8921-4066-A68B-40D939CA1617}.Debug|Any CPU.ActiveCfg = Debug|Any CPU
		{4139A9A7-8921-4066-A68B-40D939CA1617}.Debug|Any CPU.Build.0 = Debug|Any CPU
		{4139A9A7-8921-4066-A68B-40D939CA1617}.Release|Any CPU.ActiveCfg = Release|Any CPU
		{4139A9A7-8921-4066-A68B-40D939CA1617}.Release|Any CPU.Build.0 = Release|Any CPU
	EndGlobalSection
	GlobalSection(SolutionProperties) = preSolution
		HideSolutionNode = FALSE
	EndGlobalSection
	GlobalSection(ExtensibilityGlobals) = postSolution
		SolutionGuid = {51D23BC7-31AA-4043-8D53-A786B5D15239}
	EndGlobalSection
EndGlobal
